
Microsoft Visual Studio Solution File, Format Version 12.00
Project("{FAE04EC0-301F-11D3-BF4B-00C04F79EFBC}") = "ConsoleThreads", "ConsoleThreads.csproj", "{F20D3DFF-F275-48A0-AB61-63208376BFCB}"
EndProject
Global
	GlobalSection(SolutionConfigurationPlatforms) = preSolution
		Debug|Any CPU = Debug|Any CPU
		Release|Any CPU = Release|Any CPU
	EndGlobalSection
	GlobalSection(ProjectConfigurationPlatforms) = postSolution
		{F20D3DFF-F275-48A0-AB61-63208376BFCB}.Debug|Any CPU.ActiveCfg = Debug|Any CPU
		{F20D3DFF-F275-48A0-AB61-63208376BFCB}.Debug|Any CPU.Build.0 = Debug|Any CPU
		{F20D3DFF-F275-48A0-AB61-63208376BFCB}.Release|Any CPU.ActiveCfg = Release|Any CPU
		{F20D3DFF-F275-48A0-AB61-63208376BFCB}.Release|Any CPU.Build.0 = Release|Any CPU
	EndGlobalSection
EndGlobal
