
Microsoft Visual Studio Solution File, Format Version 12.00
Project("{FAE04EC0-301F-11D3-BF4B-00C04F79EFBC}") = "SourceGeneratorSample", "SourceGeneratorSample.csproj", "{5751BB24-ACA4-4522-8992-5D8CE8AA4389}"
EndProject
Global
	GlobalSection(SolutionConfigurationPlatforms) = preSolution
		Debug|Any CPU = Debug|Any CPU
		Release|Any CPU = Release|Any CPU
	EndGlobalSection
	GlobalSection(ProjectConfigurationPlatforms) = postSolution
		{5751BB24-ACA4-4522-8992-5D8CE8AA4389}.Debug|Any CPU.ActiveCfg = Debug|Any CPU
		{5751BB24-ACA4-4522-8992-5D8CE8AA4389}.Debug|Any CPU.Build.0 = Debug|Any CPU
		{5751BB24-ACA4-4522-8992-5D8CE8AA4389}.Release|Any CPU.ActiveCfg = Release|Any CPU
		{5751BB24-ACA4-4522-8992-5D8CE8AA4389}.Release|Any CPU.Build.0 = Release|Any CPU
	EndGlobalSection
EndGlobal
