
Microsoft Visual Studio Solution File, Format Version 12.00
Project("{FAE04EC0-301F-11D3-BF4B-00C04F79EFBC}") = "TPL", "TPL.csproj", "{FE642C8A-84BA-478B-A243-5DFE67C2E247}"
EndProject
Global
	GlobalSection(SolutionConfigurationPlatforms) = preSolution
		Debug|Any CPU = Debug|Any CPU
		Release|Any CPU = Release|Any CPU
	EndGlobalSection
	GlobalSection(ProjectConfigurationPlatforms) = postSolution
		{FE642C8A-84BA-478B-A243-5DFE67C2E247}.Debug|Any CPU.ActiveCfg = Debug|Any CPU
		{FE642C8A-84BA-478B-A243-5DFE67C2E247}.Debug|Any CPU.Build.0 = Debug|Any CPU
		{FE642C8A-84BA-478B-A243-5DFE67C2E247}.Release|Any CPU.ActiveCfg = Release|Any CPU
		{FE642C8A-84BA-478B-A243-5DFE67C2E247}.Release|Any CPU.Build.0 = Release|Any CPU
	EndGlobalSection
EndGlobal
