
Microsoft Visual Studio Solution File, Format Version 12.00
Project("{FAE04EC0-301F-11D3-BF4B-00C04F79EFBC}") = "Synchronization", "Synchronization.csproj", "{03C210D7-4DB4-424A-B1C8-7FBBC172E38E}"
EndProject
Global
	GlobalSection(SolutionConfigurationPlatforms) = preSolution
		Debug|Any CPU = Debug|Any CPU
		Release|Any CPU = Release|Any CPU
	EndGlobalSection
	GlobalSection(ProjectConfigurationPlatforms) = postSolution
		{03C210D7-4DB4-424A-B1C8-7FBBC172E38E}.Debug|Any CPU.ActiveCfg = Debug|Any CPU
		{03C210D7-4DB4-424A-B1C8-7FBBC172E38E}.Debug|Any CPU.Build.0 = Debug|Any CPU
		{03C210D7-4DB4-424A-B1C8-7FBBC172E38E}.Release|Any CPU.ActiveCfg = Release|Any CPU
		{03C210D7-4DB4-424A-B1C8-7FBBC172E38E}.Release|Any CPU.Build.0 = Release|Any CPU
	EndGlobalSection
EndGlobal
